
Microsoft Visual Studio Solution File, Format Version 12.00
# Visual Studio Version 16
VisualStudioVersion = 16.0.31410.357
MinimumVisualStudioVersion = 10.0.40219.1
Project("{2150E333-8FDC-42A3-9474-1A3956D46DE8}") = "Controller", "Controller", "{088C802B-0AF3-4768-89CF-51C6C74F0007}"
EndProject
Project("{2150E333-8FDC-42A3-9474-1A3956D46DE8}") = "Context", "Context", "{D03A7AF6-8710-4150-84DC-4CBDAFE6C68F}"
EndProject
Project("{2150E333-8FDC-42A3-9474-1A3956D46DE8}") = "Service", "Service", "{B3C11168-5DB8-4734-91F6-3F17CE630B75}"
EndProject
Project("{FAE04EC0-301F-11D3-BF4B-00C04F79EFBC}") = "ABTestRealTestApp", "ABTestRealTestApp\ABTestRealTestApp.csproj", "{3D41D884-D5C2-498D-B22B-DF760C7D994A}"
EndProject
Project("{FAE04EC0-301F-11D3-BF4B-00C04F79EFBC}") = "ABTestRealTestApp.Web", "ABTestRealTestApp.Web\ABTestRealTestApp.Web.csproj", "{974E77BD-6873-499C-9535-51D5888DC93E}"
EndProject
Project("{FAE04EC0-301F-11D3-BF4B-00C04F79EFBC}") = "ABTestRealTestApp.Memory", "ABTestRealTestApp.Memory\ABTestRealTestApp.Memory.csproj", "{1080438C-3575-41BF-B720-43C2FAA430E1}"
EndProject
Global
	GlobalSection(SolutionConfigurationPlatforms) = preSolution
		Debug|Any CPU = Debug|Any CPU
		Release|Any CPU = Release|Any CPU
	EndGlobalSection
	GlobalSection(ProjectConfigurationPlatforms) = postSolution
		{3D41D884-D5C2-498D-B22B-DF760C7D994A}.Debug|Any CPU.ActiveCfg = Debug|Any CPU
		{3D41D884-D5C2-498D-B22B-DF760C7D994A}.Debug|Any CPU.Build.0 = Debug|Any CPU
		{3D41D884-D5C2-498D-B22B-DF760C7D994A}.Release|Any CPU.ActiveCfg = Release|Any CPU
		{3D41D884-D5C2-498D-B22B-DF760C7D994A}.Release|Any CPU.Build.0 = Release|Any CPU
		{974E77BD-6873-499C-9535-51D5888DC93E}.Debug|Any CPU.ActiveCfg = Debug|Any CPU
		{974E77BD-6873-499C-9535-51D5888DC93E}.Debug|Any CPU.Build.0 = Debug|Any CPU
		{974E77BD-6873-499C-9535-51D5888DC93E}.Release|Any CPU.ActiveCfg = Release|Any CPU
		{974E77BD-6873-499C-9535-51D5888DC93E}.Release|Any CPU.Build.0 = Release|Any CPU
		{1080438C-3575-41BF-B720-43C2FAA430E1}.Debug|Any CPU.ActiveCfg = Debug|Any CPU
		{1080438C-3575-41BF-B720-43C2FAA430E1}.Debug|Any CPU.Build.0 = Debug|Any CPU
		{1080438C-3575-41BF-B720-43C2FAA430E1}.Release|Any CPU.ActiveCfg = Release|Any CPU
		{1080438C-3575-41BF-B720-43C2FAA430E1}.Release|Any CPU.Build.0 = Release|Any CPU
	EndGlobalSection
	GlobalSection(SolutionProperties) = preSolution
		HideSolutionNode = FALSE
	EndGlobalSection
	GlobalSection(NestedProjects) = preSolution
		{3D41D884-D5C2-498D-B22B-DF760C7D994A} = {B3C11168-5DB8-4734-91F6-3F17CE630B75}
		{974E77BD-6873-499C-9535-51D5888DC93E} = {088C802B-0AF3-4768-89CF-51C6C74F0007}
		{1080438C-3575-41BF-B720-43C2FAA430E1} = {D03A7AF6-8710-4150-84DC-4CBDAFE6C68F}
	EndGlobalSection
	GlobalSection(ExtensibilityGlobals) = postSolution
		SolutionGuid = {66568C7D-B956-42D7-A2E6-3377C9EAC974}
	EndGlobalSection
EndGlobal
